
Microsoft Visual Studio Solution File, Format Version 12.00
# Visual Studio Version 17
VisualStudioVersion = 17.5.33424.131
MinimumVisualStudioVersion = 10.0.40219.1
Project("{FAE04EC0-301F-11D3-BF4B-00C04F79EFBC}") = "apbd_1", "apbd_1\apbd_1.csproj", "{F25E7AD5-8B95-40C2-9266-8450EB80C5A7}"
EndProject
Global
	GlobalSection(SolutionConfigurationPlatforms) = preSolution
		Debug|Any CPU = Debug|Any CPU
		Release|Any CPU = Release|Any CPU
	EndGlobalSection
	GlobalSection(ProjectConfigurationPlatforms) = postSolution
		{F25E7AD5-8B95-40C2-9266-8450EB80C5A7}.Debug|Any CPU.ActiveCfg = Debug|Any CPU
		{F25E7AD5-8B95-40C2-9266-8450EB80C5A7}.Debug|Any CPU.Build.0 = Debug|Any CPU
		{F25E7AD5-8B95-40C2-9266-8450EB80C5A7}.Release|Any CPU.ActiveCfg = Release|Any CPU
		{F25E7AD5-8B95-40C2-9266-8450EB80C5A7}.Release|Any CPU.Build.0 = Release|Any CPU
	EndGlobalSection
	GlobalSection(SolutionProperties) = preSolution
		HideSolutionNode = FALSE
	EndGlobalSection
	GlobalSection(ExtensibilityGlobals) = postSolution
		SolutionGuid = {7F08979B-8037-406C-AB5B-86D49D7182DC}
	EndGlobalSection
EndGlobal
